
Microsoft Visual Studio Solution File, Format Version 12.00
# Visual Studio 15
VisualStudioVersion = 15.0.26124.0
MinimumVisualStudioVersion = 15.0.26124.0
Project("{2150E333-8FDC-42A3-9474-1A3956D46DE8}") = "src", "src", "{09C3D293-1D7B-4512-A586-6F1FC2A40B5A}"
EndProject
Project("{FAE04EC0-301F-11D3-BF4B-00C04F79EFBC}") = "MyProject.Core", "src\MyProject.Core\MyProject.Core.csproj", "{6D8E74CB-8DC5-49AC-8C44-56FDA4448F0A}"
EndProject
Project("{FAE04EC0-301F-11D3-BF4B-00C04F79EFBC}") = "MyProject.Data", "src\MyProject.Data\MyProject.Data.csproj", "{DA9D4D35-636A-48C0-BF51-54836BA9370E}"
EndProject
Project("{FAE04EC0-301F-11D3-BF4B-00C04F79EFBC}") = "MyProject.Api", "src\MyProject.Api\MyProject.Api.csproj", "{CA7CA38F-8C0F-4D46-BF67-6F7BC63AF0A5}"
EndProject
Project("{2150E333-8FDC-42A3-9474-1A3956D46DE8}") = "tests", "tests", "{ACE06725-A6C0-4C45-BB66-A9355824DE9C}"
EndProject
Project("{FAE04EC0-301F-11D3-BF4B-00C04F79EFBC}") = "MyProject.Api.IntegrationTests", "tests\MyProject.Api.IntegrationTests\MyProject.Api.IntegrationTests.csproj", "{AAFC8DE7-3A25-4584-9DF9-5258EBCB911A}"
EndProject
Project("{FAE04EC0-301F-11D3-BF4B-00C04F79EFBC}") = "MyProject.Api.UnitTests", "tests\MyProject.Api.UnitTests\MyProject.Api.UnitTests.csproj", "{438847D3-6FB6-46EB-9A5C-7F743F140E80}"
EndProject
Project("{FAE04EC0-301F-11D3-BF4B-00C04F79EFBC}") = "MyProject.Core.UnitTests", "tests\MyProject.Core.UnitTests\MyProject.Core.UnitTests.csproj", "{E3B79B50-6F75-40D7-9852-B274174F122F}"
EndProject
Global
	GlobalSection(SolutionConfigurationPlatforms) = preSolution
		Debug|Any CPU = Debug|Any CPU
		Debug|x64 = Debug|x64
		Debug|x86 = Debug|x86
		Release|Any CPU = Release|Any CPU
		Release|x64 = Release|x64
		Release|x86 = Release|x86
	EndGlobalSection
	GlobalSection(SolutionProperties) = preSolution
		HideSolutionNode = FALSE
	EndGlobalSection
	GlobalSection(ProjectConfigurationPlatforms) = postSolution
		{6D8E74CB-8DC5-49AC-8C44-56FDA4448F0A}.Debug|Any CPU.ActiveCfg = Debug|Any CPU
		{6D8E74CB-8DC5-49AC-8C44-56FDA4448F0A}.Debug|Any CPU.Build.0 = Debug|Any CPU
		{6D8E74CB-8DC5-49AC-8C44-56FDA4448F0A}.Debug|x64.ActiveCfg = Debug|Any CPU
		{6D8E74CB-8DC5-49AC-8C44-56FDA4448F0A}.Debug|x64.Build.0 = Debug|Any CPU
		{6D8E74CB-8DC5-49AC-8C44-56FDA4448F0A}.Debug|x86.ActiveCfg = Debug|Any CPU
		{6D8E74CB-8DC5-49AC-8C44-56FDA4448F0A}.Debug|x86.Build.0 = Debug|Any CPU
		{6D8E74CB-8DC5-49AC-8C44-56FDA4448F0A}.Release|Any CPU.ActiveCfg = Release|Any CPU
		{6D8E74CB-8DC5-49AC-8C44-56FDA4448F0A}.Release|Any CPU.Build.0 = Release|Any CPU
		{6D8E74CB-8DC5-49AC-8C44-56FDA4448F0A}.Release|x64.ActiveCfg = Release|Any CPU
		{6D8E74CB-8DC5-49AC-8C44-56FDA4448F0A}.Release|x64.Build.0 = Release|Any CPU
		{6D8E74CB-8DC5-49AC-8C44-56FDA4448F0A}.Release|x86.ActiveCfg = Release|Any CPU
		{6D8E74CB-8DC5-49AC-8C44-56FDA4448F0A}.Release|x86.Build.0 = Release|Any CPU
		{DA9D4D35-636A-48C0-BF51-54836BA9370E}.Debug|Any CPU.ActiveCfg = Debug|Any CPU
		{DA9D4D35-636A-48C0-BF51-54836BA9370E}.Debug|Any CPU.Build.0 = Debug|Any CPU
		{DA9D4D35-636A-48C0-BF51-54836BA9370E}.Debug|x64.ActiveCfg = Debug|Any CPU
		{DA9D4D35-636A-48C0-BF51-54836BA9370E}.Debug|x64.Build.0 = Debug|Any CPU
		{DA9D4D35-636A-48C0-BF51-54836BA9370E}.Debug|x86.ActiveCfg = Debug|Any CPU
		{DA9D4D35-636A-48C0-BF51-54836BA9370E}.Debug|x86.Build.0 = Debug|Any CPU
		{DA9D4D35-636A-48C0-BF51-54836BA9370E}.Release|Any CPU.ActiveCfg = Release|Any CPU
		{DA9D4D35-636A-48C0-BF51-54836BA9370E}.Release|Any CPU.Build.0 = Release|Any CPU
		{DA9D4D35-636A-48C0-BF51-54836BA9370E}.Release|x64.ActiveCfg = Release|Any CPU
		{DA9D4D35-636A-48C0-BF51-54836BA9370E}.Release|x64.Build.0 = Release|Any CPU
		{DA9D4D35-636A-48C0-BF51-54836BA9370E}.Release|x86.ActiveCfg = Release|Any CPU
		{DA9D4D35-636A-48C0-BF51-54836BA9370E}.Release|x86.Build.0 = Release|Any CPU
		{CA7CA38F-8C0F-4D46-BF67-6F7BC63AF0A5}.Debug|Any CPU.ActiveCfg = Debug|Any CPU
		{CA7CA38F-8C0F-4D46-BF67-6F7BC63AF0A5}.Debug|Any CPU.Build.0 = Debug|Any CPU
		{CA7CA38F-8C0F-4D46-BF67-6F7BC63AF0A5}.Debug|x64.ActiveCfg = Debug|Any CPU
		{CA7CA38F-8C0F-4D46-BF67-6F7BC63AF0A5}.Debug|x64.Build.0 = Debug|Any CPU
		{CA7CA38F-8C0F-4D46-BF67-6F7BC63AF0A5}.Debug|x86.ActiveCfg = Debug|Any CPU
		{CA7CA38F-8C0F-4D46-BF67-6F7BC63AF0A5}.Debug|x86.Build.0 = Debug|Any CPU
		{CA7CA38F-8C0F-4D46-BF67-6F7BC63AF0A5}.Release|Any CPU.ActiveCfg = Release|Any CPU
		{CA7CA38F-8C0F-4D46-BF67-6F7BC63AF0A5}.Release|Any CPU.Build.0 = Release|Any CPU
		{CA7CA38F-8C0F-4D46-BF67-6F7BC63AF0A5}.Release|x64.ActiveCfg = Release|Any CPU
		{CA7CA38F-8C0F-4D46-BF67-6F7BC63AF0A5}.Release|x64.Build.0 = Release|Any CPU
		{CA7CA38F-8C0F-4D46-BF67-6F7BC63AF0A5}.Release|x86.ActiveCfg = Release|Any CPU
		{CA7CA38F-8C0F-4D46-BF67-6F7BC63AF0A5}.Release|x86.Build.0 = Release|Any CPU
		{AAFC8DE7-3A25-4584-9DF9-5258EBCB911A}.Debug|Any CPU.ActiveCfg = Debug|Any CPU
		{AAFC8DE7-3A25-4584-9DF9-5258EBCB911A}.Debug|Any CPU.Build.0 = Debug|Any CPU
		{AAFC8DE7-3A25-4584-9DF9-5258EBCB911A}.Debug|x64.ActiveCfg = Debug|Any CPU
		{AAFC8DE7-3A25-4584-9DF9-5258EBCB911A}.Debug|x64.Build.0 = Debug|Any CPU
		{AAFC8DE7-3A25-4584-9DF9-5258EBCB911A}.Debug|x86.ActiveCfg = Debug|Any CPU
		{AAFC8DE7-3A25-4584-9DF9-5258EBCB911A}.Debug|x86.Build.0 = Debug|Any CPU
		{AAFC8DE7-3A25-4584-9DF9-5258EBCB911A}.Release|Any CPU.ActiveCfg = Release|Any CPU
		{AAFC8DE7-3A25-4584-9DF9-5258EBCB911A}.Release|Any CPU.Build.0 = Release|Any CPU
		{AAFC8DE7-3A25-4584-9DF9-5258EBCB911A}.Release|x64.ActiveCfg = Release|Any CPU
		{AAFC8DE7-3A25-4584-9DF9-5258EBCB911A}.Release|x64.Build.0 = Release|Any CPU
		{AAFC8DE7-3A25-4584-9DF9-5258EBCB911A}.Release|x86.ActiveCfg = Release|Any CPU
		{AAFC8DE7-3A25-4584-9DF9-5258EBCB911A}.Release|x86.Build.0 = Release|Any CPU
		{438847D3-6FB6-46EB-9A5C-7F743F140E80}.Debug|Any CPU.ActiveCfg = Debug|Any CPU
		{438847D3-6FB6-46EB-9A5C-7F743F140E80}.Debug|Any CPU.Build.0 = Debug|Any CPU
		{438847D3-6FB6-46EB-9A5C-7F743F140E80}.Debug|x64.ActiveCfg = Debug|Any CPU
		{438847D3-6FB6-46EB-9A5C-7F743F140E80}.Debug|x64.Build.0 = Debug|Any CPU
		{438847D3-6FB6-46EB-9A5C-7F743F140E80}.Debug|x86.ActiveCfg = Debug|Any CPU
		{438847D3-6FB6-46EB-9A5C-7F743F140E80}.Debug|x86.Build.0 = Debug|Any CPU
		{438847D3-6FB6-46EB-9A5C-7F743F140E80}.Release|Any CPU.ActiveCfg = Release|Any CPU
		{438847D3-6FB6-46EB-9A5C-7F743F140E80}.Release|Any CPU.Build.0 = Release|Any CPU
		{438847D3-6FB6-46EB-9A5C-7F743F140E80}.Release|x64.ActiveCfg = Release|Any CPU
		{438847D3-6FB6-46EB-9A5C-7F743F140E80}.Release|x64.Build.0 = Release|Any CPU
		{438847D3-6FB6-46EB-9A5C-7F743F140E80}.Release|x86.ActiveCfg = Release|Any CPU
		{438847D3-6FB6-46EB-9A5C-7F743F140E80}.Release|x86.Build.0 = Release|Any CPU
		{E3B79B50-6F75-40D7-9852-B274174F122F}.Debug|Any CPU.ActiveCfg = Debug|Any CPU
		{E3B79B50-6F75-40D7-9852-B274174F122F}.Debug|Any CPU.Build.0 = Debug|Any CPU
		{E3B79B50-6F75-40D7-9852-B274174F122F}.Debug|x64.ActiveCfg = Debug|Any CPU
		{E3B79B50-6F75-40D7-9852-B274174F122F}.Debug|x64.Build.0 = Debug|Any CPU
		{E3B79B50-6F75-40D7-9852-B274174F122F}.Debug|x86.ActiveCfg = Debug|Any CPU
		{E3B79B50-6F75-40D7-9852-B274174F122F}.Debug|x86.Build.0 = Debug|Any CPU
		{E3B79B50-6F75-40D7-9852-B274174F122F}.Release|Any CPU.ActiveCfg = Release|Any CPU
		{E3B79B50-6F75-40D7-9852-B274174F122F}.Release|Any CPU.Build.0 = Release|Any CPU
		{E3B79B50-6F75-40D7-9852-B274174F122F}.Release|x64.ActiveCfg = Release|Any CPU
		{E3B79B50-6F75-40D7-9852-B274174F122F}.Release|x64.Build.0 = Release|Any CPU
		{E3B79B50-6F75-40D7-9852-B274174F122F}.Release|x86.ActiveCfg = Release|Any CPU
		{E3B79B50-6F75-40D7-9852-B274174F122F}.Release|x86.Build.0 = Release|Any CPU
	EndGlobalSection
	GlobalSection(NestedProjects) = preSolution
		{6D8E74CB-8DC5-49AC-8C44-56FDA4448F0A} = {09C3D293-1D7B-4512-A586-6F1FC2A40B5A}
		{DA9D4D35-636A-48C0-BF51-54836BA9370E} = {09C3D293-1D7B-4512-A586-6F1FC2A40B5A}
		{CA7CA38F-8C0F-4D46-BF67-6F7BC63AF0A5} = {09C3D293-1D7B-4512-A586-6F1FC2A40B5A}
		{AAFC8DE7-3A25-4584-9DF9-5258EBCB911A} = {ACE06725-A6C0-4C45-BB66-A9355824DE9C}
		{438847D3-6FB6-46EB-9A5C-7F743F140E80} = {ACE06725-A6C0-4C45-BB66-A9355824DE9C}
		{E3B79B50-6F75-40D7-9852-B274174F122F} = {ACE06725-A6C0-4C45-BB66-A9355824DE9C}
	EndGlobalSection
EndGlobal
